
Microsoft Visual Studio Solution File, Format Version 12.00
# Visual Studio Version 16
VisualStudioVersion = 16.0.29519.181
MinimumVisualStudioVersion = 10.0.40219.1
Project("{8BC9CEB8-8B4A-11D0-8D11-00A0C91BC942}") = "HW4RD_QuckBubble", "HW4RD_QuckBubble\HW4RD_QuckBubble.vcxproj", "{5DF44496-00B4-407E-ABE8-0CB702AE646C}"
EndProject
Global
	GlobalSection(SolutionConfigurationPlatforms) = preSolution
		Debug|x64 = Debug|x64
		Debug|x86 = Debug|x86
		Release|x64 = Release|x64
		Release|x86 = Release|x86
	EndGlobalSection
	GlobalSection(ProjectConfigurationPlatforms) = postSolution
		{5DF44496-00B4-407E-ABE8-0CB702AE646C}.Debug|x64.ActiveCfg = Debug|x64
		{5DF44496-00B4-407E-ABE8-0CB702AE646C}.Debug|x64.Build.0 = Debug|x64
		{5DF44496-00B4-407E-ABE8-0CB702AE646C}.Debug|x86.ActiveCfg = Debug|Win32
		{5DF44496-00B4-407E-ABE8-0CB702AE646C}.Debug|x86.Build.0 = Debug|Win32
		{5DF44496-00B4-407E-ABE8-0CB702AE646C}.Release|x64.ActiveCfg = Release|x64
		{5DF44496-00B4-407E-ABE8-0CB702AE646C}.Release|x64.Build.0 = Release|x64
		{5DF44496-00B4-407E-ABE8-0CB702AE646C}.Release|x86.ActiveCfg = Release|Win32
		{5DF44496-00B4-407E-ABE8-0CB702AE646C}.Release|x86.Build.0 = Release|Win32
	EndGlobalSection
	GlobalSection(SolutionProperties) = preSolution
		HideSolutionNode = FALSE
	EndGlobalSection
	GlobalSection(ExtensibilityGlobals) = postSolution
		SolutionGuid = {80C5E1B6-E461-4868-ADEF-45924A800F4A}
	EndGlobalSection
EndGlobal
